
Microsoft Visual Studio Solution File, Format Version 11.00
# Visual Studio 2010
Project("{FAE04EC0-301F-11D3-BF4B-00C04F79EFBC}") = "RecordRTC_to_ASPNETMVC", "RecordRTC_to_ASPNETMVC\RecordRTC_to_ASPNETMVC.csproj", "{5300193C-E9AE-468A-A377-04A4143B6B9D}"
EndProject
Global
	GlobalSection(SolutionConfigurationPlatforms) = preSolution
		Debug|Any CPU = Debug|Any CPU
		Release|Any CPU = Release|Any CPU
	EndGlobalSection
	GlobalSection(ProjectConfigurationPlatforms) = postSolution
		{5300193C-E9AE-468A-A377-04A4143B6B9D}.Debug|Any CPU.ActiveCfg = Debug|Any CPU
		{5300193C-E9AE-468A-A377-04A4143B6B9D}.Debug|Any CPU.Build.0 = Debug|Any CPU
		{5300193C-E9AE-468A-A377-04A4143B6B9D}.Release|Any CPU.ActiveCfg = Release|Any CPU
		{5300193C-E9AE-468A-A377-04A4143B6B9D}.Release|Any CPU.Build.0 = Release|Any CPU
	EndGlobalSection
	GlobalSection(SolutionProperties) = preSolution
		HideSolutionNode = FALSE
	EndGlobalSection
EndGlobal
