{
  "name": "rmc3.videoconference",
  "version": "3.0.3",
  "lockfileVersion": 1,
  "requires": true,
  "dependencies": {
    "android-versions": {
      "version": "1.4.0",
      "resolved": "https://registry.npmjs.org/android-versions/-/android-versions-1.4.0.tgz",
      "integrity": "sha512-GnomfYsBq+nZh3c3UH/4r9Jt6FuTxdhUJbeHIdYOH5xBhQ8I0ZzC2/RM5IFFIjrzuNWSHb8JWP1lPK0/a26jrg==",
      "requires": {
        "semver": "^5.4.1"
      }
    },
    "cordova-android": {
      "version": "6.3.0",
      "resolved": "https://registry.npmjs.org/cordova-android/-/cordova-android-6.3.0.tgz",
      "integrity": "sha1-2lQYQz0lx1pZd7QoJEu+Q30BKNI=",
      "requires": {
        "android-versions": "^1.2.0",
        "cordova-common": "^2.1.0",
        "elementtree": "0.1.6",
        "nopt": "^3.0.1",
        "properties-parser": "^0.2.3",
        "q": "^1.4.1",
        "shelljs": "^0.5.3"
      },
      "dependencies": {
        "abbrev": {
          "version": "1.1.0",
          "bundled": true
        },
        "ansi": {
          "version": "0.3.1",
          "bundled": true
        },
        "balanced-match": {
          "version": "1.0.0",
          "bundled": true
        },
        "base64-js": {
          "version": "0.0.8",
          "bundled": true
        },
        "big-integer": {
          "version": "1.6.25",
          "bundled": true
        },
        "bplist-parser": {
          "version": "0.1.1",
          "bundled": true,
          "requires": {
            "big-integer": "^1.6.7"
          }
        },
        "brace-expansion": {
          "version": "1.1.8",
          "bundled": true,
          "requires": {
            "balanced-match": "^1.0.0",
            "concat-map": "0.0.1"
          }
        },
        "concat-map": {
          "version": "0.0.1",
          "bundled": true
        },
        "cordova-common": {
          "version": "2.1.0",
          "bundled": true,
          "requires": {
            "ansi": "^0.3.1",
            "bplist-parser": "^0.1.0",
            "cordova-registry-mapper": "^1.1.8",
            "elementtree": "0.1.6",
            "glob": "^5.0.13",
            "minimatch": "^3.0.0",
            "osenv": "^0.1.3",
            "plist": "^1.2.0",
            "q": "^1.4.1",
            "semver": "^5.0.1",
            "shelljs": "^0.5.3",
            "underscore": "^1.8.3",
            "unorm": "^1.3.3"
          }
        },
        "cordova-registry-mapper": {
          "version": "1.1.15",
          "bundled": true
        },
        "elementtree": {
          "version": "0.1.6",
          "bundled": true,
          "requires": {
            "sax": "0.3.5"
          }
        },
        "glob": {
          "version": "5.0.15",
          "bundled": true,
          "requires": {
            "inflight": "^1.0.4",
            "inherits": "2",
            "minimatch": "2 || 3",
            "once": "^1.3.0",
            "path-is-absolute": "^1.0.0"
          }
        },
        "inflight": {
          "version": "1.0.6",
          "bundled": true,
          "requires": {
            "once": "^1.3.0",
            "wrappy": "1"
          }
        },
        "inherits": {
          "version": "2.0.3",
          "bundled": true
        },
        "lodash": {
          "version": "3.10.1",
          "bundled": true
        },
        "minimatch": {
          "version": "3.0.4",
          "bundled": true,
          "requires": {
            "brace-expansion": "^1.1.7"
          }
        },
        "nopt": {
          "version": "3.0.6",
          "bundled": true,
          "requires": {
            "abbrev": "1"
          }
        },
        "once": {
          "version": "1.4.0",
          "bundled": true,
          "requires": {
            "wrappy": "1"
          }
        },
        "os-homedir": {
          "version": "1.0.2",
          "bundled": true
        },
        "os-tmpdir": {
          "version": "1.0.2",
          "bundled": true
        },
        "osenv": {
          "version": "0.1.4",
          "bundled": true,
          "requires": {
            "os-homedir": "^1.0.0",
            "os-tmpdir": "^1.0.0"
          }
        },
        "path-is-absolute": {
          "version": "1.0.1",
          "bundled": true
        },
        "plist": {
          "version": "1.2.0",
          "bundled": true,
          "requires": {
            "base64-js": "0.0.8",
            "util-deprecate": "1.0.2",
            "xmlbuilder": "4.0.0",
            "xmldom": "0.1.x"
          }
        },
        "properties-parser": {
          "version": "0.2.3",
          "bundled": true
        },
        "q": {
          "version": "1.5.0",
          "bundled": true
        },
        "sax": {
          "version": "0.3.5",
          "bundled": true
        },
        "semver": {
          "version": "5.4.1",
          "bundled": true
        },
        "shelljs": {
          "version": "0.5.3",
          "bundled": true
        },
        "underscore": {
          "version": "1.8.3",
          "bundled": true
        },
        "unorm": {
          "version": "1.4.1",
          "bundled": true
        },
        "util-deprecate": {
          "version": "1.0.2",
          "bundled": true
        },
        "wrappy": {
          "version": "1.0.2",
          "bundled": true
        },
        "xmlbuilder": {
          "version": "4.0.0",
          "bundled": true,
          "requires": {
            "lodash": "^3.5.0"
          }
        },
        "xmldom": {
          "version": "0.1.27",
          "bundled": true
        }
      }
    },
    "cordova-plugin-android-permissions": {
      "version": "1.0.0",
      "resolved": "https://registry.npmjs.org/cordova-plugin-android-permissions/-/cordova-plugin-android-permissions-1.0.0.tgz",
      "integrity": "sha1-nnwRa+Zo6336QUkbE9jUfalUgUk="
    },
    "cordova-plugin-statusbar": {
      "version": "2.4.2",
      "resolved": "https://registry.npmjs.org/cordova-plugin-statusbar/-/cordova-plugin-statusbar-2.4.2.tgz",
      "integrity": "sha1-/B+9wNjXAzp+jh8ff/FnrJvU+vY="
    },
    "cordova-plugin-whitelist": {
      "version": "1.3.2",
      "resolved": "https://registry.npmjs.org/cordova-plugin-whitelist/-/cordova-plugin-whitelist-1.3.2.tgz",
      "integrity": "sha1-W2M1/rn1MB88ATuQlsuIhb29UHY="
    },
    "latest": {
      "version": "0.2.0",
      "resolved": "https://registry.npmjs.org/latest/-/latest-0.2.0.tgz",
      "integrity": "sha1-6kfrj0srsM+RcW76qJbC4WI3WHs=",
      "requires": {
        "npm": "^2.5.1"
      }
    },
    "npm": {
      "version": "2.15.12",
      "resolved": "https://registry.npmjs.org/npm/-/npm-2.15.12.tgz",
      "integrity": "sha1-33w+1aJ3w/nUtdgZsFMR0QogCuY=",
      "requires": {
        "abbrev": "~1.0.9",
        "ansi": "~0.3.1",
        "ansi-regex": "*",
        "ansicolors": "~0.3.2",
        "ansistyles": "~0.1.3",
        "archy": "~1.0.0",
        "async-some": "~1.0.2",
        "block-stream": "0.0.9",
        "char-spinner": "~1.0.1",
        "chmodr": "~1.0.2",
        "chownr": "~1.0.1",
        "cmd-shim": "~2.0.2",
        "columnify": "~1.5.4",
        "config-chain": "~1.1.10",
        "dezalgo": "~1.0.3",
        "editor": "~1.0.0",
        "fs-vacuum": "~1.2.9",
        "fs-write-stream-atomic": "~1.0.8",
        "fstream": "~1.0.10",
        "fstream-npm": "~1.1.1",
        "github-url-from-git": "~1.4.0",
        "github-url-from-username-repo": "~1.0.2",
        "glob": "~7.0.6",
        "graceful-fs": "~4.1.6",
        "hosted-git-info": "~2.1.5",
        "imurmurhash": "*",
        "inflight": "~1.0.4",
        "inherits": "~2.0.3",
        "ini": "~1.3.4",
        "init-package-json": "~1.9.4",
        "lockfile": "~1.0.1",
        "lru-cache": "~4.0.1",
        "minimatch": "~3.0.3",
        "mkdirp": "~0.5.1",
        "node-gyp": "~3.6.0",
        "nopt": "~3.0.6",
        "normalize-git-url": "~3.0.2",
        "normalize-package-data": "~2.3.5",
        "npm-cache-filename": "~1.0.2",
        "npm-install-checks": "~1.0.7",
        "npm-package-arg": "~4.1.0",
        "npm-registry-client": "~7.2.1",
        "npm-user-validate": "~0.1.5",
        "npmlog": "~2.0.4",
        "once": "~1.4.0",
        "opener": "~1.4.1",
        "osenv": "~0.1.3",
        "path-is-inside": "~1.0.0",
        "read": "~1.0.7",
        "read-installed": "~4.0.3",
        "read-package-json": "~2.0.4",
        "readable-stream": "~2.1.5",
        "realize-package-specifier": "~3.0.1",
        "request": "~2.74.0",
        "retry": "~0.10.0",
        "rimraf": "~2.5.4",
        "semver": "~5.1.0",
        "sha": "~2.0.1",
        "slide": "~1.1.6",
        "sorted-object": "~2.0.0",
        "spdx-license-ids": "~1.2.2",
        "strip-ansi": "~3.0.1",
        "tar": "~2.2.1",
        "text-table": "~0.2.0",
        "uid-number": "0.0.6",
        "umask": "~1.1.0",
        "validate-npm-package-license": "~3.0.1",
        "validate-npm-package-name": "~2.2.2",
        "which": "~1.2.11",
        "wrappy": "~1.0.2",
        "write-file-atomic": "~1.1.4"
      },
      "dependencies": {
        "abbrev": {
          "version": "1.0.9",
          "bundled": true
        },
        "ansi": {
          "version": "0.3.1",
          "bundled": true
        },
        "ansi-regex": {
          "version": "2.0.0",
          "bundled": true
        },
        "ansicolors": {
          "version": "0.3.2",
          "bundled": true
        },
        "ansistyles": {
          "version": "0.1.3",
          "bundled": true
        },
        "archy": {
          "version": "1.0.0",
          "bundled": true
        },
        "async-some": {
          "version": "1.0.2",
          "bundled": true,
          "requires": {
            "dezalgo": "^1.0.2"
          }
        },
        "block-stream": {
          "version": "0.0.9",
          "bundled": true,
          "requires": {
            "inherits": "~2.0.0"
          }
        },
        "char-spinner": {
          "version": "1.0.1",
          "bundled": true
        },
        "chmodr": {
          "version": "1.0.2",
          "bundled": true
        },
        "chownr": {
          "version": "1.0.1",
          "bundled": true
        },
        "cmd-shim": {
          "version": "2.0.2",
          "bundled": true,
          "requires": {
            "graceful-fs": "^4.1.2",
            "mkdirp": "~0.5.0"
          }
        },
        "columnify": {
          "version": "1.5.4",
          "bundled": true,
          "requires": {
            "strip-ansi": "^3.0.0",
            "wcwidth": "^1.0.0"
          },
          "dependencies": {
            "wcwidth": {
              "version": "1.0.0",
              "bundled": true,
              "requires": {
                "defaults": "^1.0.0"
              },
              "dependencies": {
                "defaults": {
                  "version": "1.0.3",
                  "bundled": true,
                  "requires": {
                    "clone": "^1.0.2"
                  },
                  "dependencies": {
                    "clone": {
                      "version": "1.0.2",
                      "bundled": true
                    }
                  }
                }
              }
            }
          }
        },
        "config-chain": {
          "version": "1.1.10",
          "bundled": true,
          "requires": {
            "ini": "^1.3.4",
            "proto-list": "~1.2.1"
          },
          "dependencies": {
            "proto-list": {
              "version": "1.2.4",
              "bundled": true
            }
          }
        },
        "dezalgo": {
          "version": "1.0.3",
          "bundled": true,
          "requires": {
            "asap": "^2.0.0",
            "wrappy": "1"
          },
          "dependencies": {
            "asap": {
              "version": "2.0.3",
              "bundled": true
            }
          }
        },
        "editor": {
          "version": "1.0.0",
          "bundled": true
        },
        "fs-vacuum": {
          "version": "1.2.9",
          "bundled": true,
          "requires": {
            "graceful-fs": "^4.1.2",
            "path-is-inside": "^1.0.1",
            "rimraf": "^2.5.2"
          }
        },
        "fs-write-stream-atomic": {
          "version": "1.0.8",
          "bundled": true,
          "requires": {
            "graceful-fs": "^4.1.2",
            "iferr": "^0.1.5",
            "imurmurhash": "^0.1.4",
            "readable-stream": "1 || 2"
          },
          "dependencies": {
            "iferr": {
              "version": "0.1.5",
              "bundled": true
            }
          }
        },
        "fstream": {
          "version": "1.0.10",
          "bundled": true,
          "requires": {
            "graceful-fs": "^4.1.2",
            "inherits": "~2.0.0",
            "mkdirp": ">=0.5 0",
            "rimraf": "2"
          }
        },
        "fstream-npm": {
          "version": "1.1.1",
          "bundled": true,
          "requires": {
            "fstream-ignore": "^1.0.0",
            "inherits": "2"
          },
          "dependencies": {
            "fstream-ignore": {
              "version": "1.0.5",
              "bundled": true,
              "requires": {
                "fstream": "^1.0.0",
                "inherits": "2",
                "minimatch": "^3.0.0"
              }
            }
          }
        },
        "github-url-from-git": {
          "version": "1.4.0",
          "bundled": true
        },
        "github-url-from-username-repo": {
          "version": "1.0.2",
          "bundled": true
        },
        "glob": {
          "version": "7.0.6",
          "bundled": true,
          "requires": {
            "fs.realpath": "^1.0.0",
            "inflight": "^1.0.4",
            "inherits": "2",
            "minimatch": "^3.0.2",
            "once": "^1.3.0",
            "path-is-absolute": "^1.0.0"
          },
          "dependencies": {
            "fs.realpath": {
              "version": "1.0.0",
              "bundled": true
            },
            "path-is-absolute": {
              "version": "1.0.0",
              "bundled": true
            }
          }
        },
        "graceful-fs": {
          "version": "4.1.6",
          "bundled": true
        },
        "hosted-git-info": {
          "version": "2.1.5",
          "bundled": true
        },
        "imurmurhash": {
          "version": "0.1.4",
          "bundled": true
        },
        "inflight": {
          "version": "1.0.5",
          "bundled": true,
          "requires": {
            "once": "^1.3.0",
            "wrappy": "1"
          }
        },
        "inherits": {
          "version": "2.0.3",
          "bundled": true
        },
        "ini": {
          "version": "1.3.4",
          "bundled": true
        },
        "init-package-json": {
          "version": "1.9.4",
          "bundled": true,
          "requires": {
            "glob": "^6.0.0",
            "npm-package-arg": "^4.0.0",
            "promzard": "^0.3.0",
            "read": "~1.0.1",
            "read-package-json": "1 || 2",
            "semver": "2.x || 3.x || 4 || 5",
            "validate-npm-package-license": "^3.0.1",
            "validate-npm-package-name": "^2.0.1"
          },
          "dependencies": {
            "glob": {
              "version": "6.0.4",
              "bundled": true,
              "requires": {
                "inflight": "^1.0.4",
                "inherits": "2",
                "minimatch": "2 || 3",
                "once": "^1.3.0",
                "path-is-absolute": "^1.0.0"
              },
              "dependencies": {
                "path-is-absolute": {
                  "version": "1.0.0",
                  "bundled": true
                }
              }
            },
            "promzard": {
              "version": "0.3.0",
              "bundled": true,
              "requires": {
                "read": "1"
              }
            }
          }
        },
        "lockfile": {
          "version": "1.0.1",
          "bundled": true
        },
        "lru-cache": {
          "version": "4.0.1",
          "bundled": true,
          "requires": {
            "pseudomap": "^1.0.1",
            "yallist": "^2.0.0"
          },
          "dependencies": {
            "pseudomap": {
              "version": "1.0.2",
              "bundled": true
            },
            "yallist": {
              "version": "2.0.0",
              "bundled": true
            }
          }
        },
        "minimatch": {
          "version": "3.0.3",
          "bundled": true,
          "requires": {
            "brace-expansion": "^1.0.0"
          },
          "dependencies": {
            "brace-expansion": {
              "version": "1.1.6",
              "bundled": true,
              "requires": {
                "balanced-match": "^0.4.1",
                "concat-map": "0.0.1"
              },
              "dependencies": {
                "balanced-match": {
                  "version": "0.4.2",
                  "bundled": true
                },
                "concat-map": {
                  "version": "0.0.1",
                  "bundled": true
                }
              }
            }
          }
        },
        "mkdirp": {
          "version": "0.5.1",
          "bundled": true,
          "requires": {
            "minimist": "0.0.8"
          },
          "dependencies": {
            "minimist": {
              "version": "0.0.8",
              "bundled": true
            }
          }
        },
        "node-gyp": {
          "version": "3.6.0",
          "bundled": true,
          "requires": {
            "fstream": "^1.0.0",
            "glob": "^7.0.3",
            "graceful-fs": "^4.1.2",
            "minimatch": "^3.0.2",
            "mkdirp": "^0.5.0",
            "nopt": "2 || 3",
            "npmlog": "0 || 1 || 2 || 3 || 4",
            "osenv": "0",
            "request": "2",
            "rimraf": "2",
            "semver": "~5.3.0",
            "tar": "^2.0.0",
            "which": "1"
          },
          "dependencies": {
            "semver": {
              "version": "5.3.0",
              "bundled": true
            }
          }
        },
        "nopt": {
          "version": "3.0.6",
          "bundled": true,
          "requires": {
            "abbrev": "1"
          }
        },
        "normalize-git-url": {
          "version": "3.0.2",
          "bundled": true
        },
        "normalize-package-data": {
          "version": "2.3.5",
          "bundled": true,
          "requires": {
            "hosted-git-info": "^2.1.4",
            "is-builtin-module": "^1.0.0",
            "semver": "2 || 3 || 4 || 5",
            "validate-npm-package-license": "^3.0.1"
          },
          "dependencies": {
            "is-builtin-module": {
              "version": "1.0.0",
              "bundled": true,
              "requires": {
                "builtin-modules": "^1.0.0"
              },
              "dependencies": {
                "builtin-modules": {
                  "version": "1.1.0",
                  "bundled": true
                }
              }
            }
          }
        },
        "npm-cache-filename": {
          "version": "1.0.2",
          "bundled": true
        },
        "npm-install-checks": {
          "version": "1.0.7",
          "bundled": true,
          "requires": {
            "npmlog": "0.1 || 1 || 2",
            "semver": "^2.3.0 || 3.x || 4 || 5"
          }
        },
        "npm-package-arg": {
          "version": "4.1.0",
          "bundled": true,
          "requires": {
            "hosted-git-info": "^2.1.4",
            "semver": "4 || 5"
          }
        },
        "npm-registry-client": {
          "version": "7.2.1",
          "bundled": true,
          "requires": {
            "concat-stream": "^1.5.2",
            "graceful-fs": "^4.1.6",
            "normalize-package-data": "~1.0.1 || ^2.0.0",
            "npm-package-arg": "^3.0.0 || ^4.0.0",
            "npmlog": "~2.0.0 || ~3.1.0",
            "once": "^1.3.3",
            "request": "^2.74.0",
            "retry": "^0.10.0",
            "semver": "2 >=2.2.1 || 3.x || 4 || 5",
            "slide": "^1.1.3"
          },
          "dependencies": {
            "concat-stream": {
              "version": "1.5.2",
              "bundled": true,
              "requires": {
                "inherits": "~2.0.1",
                "readable-stream": "~2.0.0",
                "typedarray": "~0.0.5"
              },
              "dependencies": {
                "readable-stream": {
                  "version": "2.0.6",
                  "bundled": true,
                  "requires": {
                    "core-util-is": "~1.0.0",
                    "inherits": "~2.0.1",
                    "isarray": "~1.0.0",
                    "process-nextick-args": "~1.0.6",
                    "string_decoder": "~0.10.x",
                    "util-deprecate": "~1.0.1"
                  },
                  "dependencies": {
                    "core-util-is": {
                      "version": "1.0.2",
                      "bundled": true
                    },
                    "isarray": {
                      "version": "1.0.0",
                      "bundled": true
                    },
                    "process-nextick-args": {
                      "version": "1.0.7",
                      "bundled": true
                    },
                    "string_decoder": {
                      "version": "0.10.31",
                      "bundled": true
                    },
                    "util-deprecate": {
                      "version": "1.0.2",
                      "bundled": true
                    }
                  }
                },
                "typedarray": {
                  "version": "0.0.6",
                  "bundled": true
                }
              }
            },
            "retry": {
              "version": "0.10.0",
              "bundled": true
            }
          }
        },
        "npm-user-validate": {
          "version": "0.1.5",
          "bundled": true
        },
        "npmlog": {
          "version": "2.0.4",
          "bundled": true,
          "requires": {
            "ansi": "~0.3.1",
            "are-we-there-yet": "~1.1.2",
            "gauge": "~1.2.5"
          },
          "dependencies": {
            "are-we-there-yet": {
              "version": "1.1.2",
              "bundled": true,
              "requires": {
                "delegates": "^1.0.0",
                "readable-stream": "^2.0.0 || ^1.1.13"
              },
              "dependencies": {
                "delegates": {
                  "version": "1.0.0",
                  "bundled": true
                }
              }
            },
            "gauge": {
              "version": "1.2.7",
              "bundled": true,
              "requires": {
                "ansi": "^0.3.0",
                "has-unicode": "^2.0.0",
                "lodash.pad": "^4.1.0",
                "lodash.padend": "^4.1.0",
                "lodash.padstart": "^4.1.0"
              },
              "dependencies": {
                "has-unicode": {
                  "version": "2.0.0",
                  "bundled": true
                },
                "lodash._baseslice": {
                  "version": "4.0.0",
                  "bundled": true
                },
                "lodash._basetostring": {
                  "version": "4.12.0",
                  "bundled": true
                },
                "lodash.pad": {
                  "version": "4.4.0",
                  "bundled": true,
                  "requires": {
                    "lodash._baseslice": "~4.0.0",
                    "lodash._basetostring": "~4.12.0",
                    "lodash.tostring": "^4.0.0"
                  }
                },
                "lodash.padend": {
                  "version": "4.5.0",
                  "bundled": true,
                  "requires": {
                    "lodash._baseslice": "~4.0.0",
                    "lodash._basetostring": "~4.12.0",
                    "lodash.tostring": "^4.0.0"
                  }
                },
                "lodash.padstart": {
                  "version": "4.5.0",
                  "bundled": true,
                  "requires": {
                    "lodash._baseslice": "~4.0.0",
                    "lodash._basetostring": "~4.12.0",
                    "lodash.tostring": "^4.0.0"
                  }
                },
                "lodash.tostring": {
                  "version": "4.1.4",
                  "bundled": true
                }
              }
            }
          }
        },
        "once": {
          "version": "1.4.0",
          "bundled": true,
          "requires": {
            "wrappy": "1"
          }
        },
        "opener": {
          "version": "1.4.1",
          "bundled": true
        },
        "osenv": {
          "version": "0.1.3",
          "bundled": true,
          "requires": {
            "os-homedir": "^1.0.0",
            "os-tmpdir": "^1.0.0"
          },
          "dependencies": {
            "os-homedir": {
              "version": "1.0.0",
              "bundled": true
            },
            "os-tmpdir": {
              "version": "1.0.1",
              "bundled": true
            }
          }
        },
        "path-is-inside": {
          "version": "1.0.1",
          "bundled": true
        },
        "read": {
          "version": "1.0.7",
          "bundled": true,
          "requires": {
            "mute-stream": "~0.0.4"
          },
          "dependencies": {
            "mute-stream": {
              "version": "0.0.5",
              "bundled": true
            }
          }
        },
        "read-installed": {
          "version": "4.0.3",
          "bundled": true,
          "requires": {
            "debuglog": "^1.0.1",
            "graceful-fs": "^4.1.2",
            "read-package-json": "^2.0.0",
            "readdir-scoped-modules": "^1.0.0",
            "semver": "2 || 3 || 4 || 5",
            "slide": "~1.1.3",
            "util-extend": "^1.0.1"
          },
          "dependencies": {
            "debuglog": {
              "version": "1.0.1",
              "bundled": true
            },
            "readdir-scoped-modules": {
              "version": "1.0.2",
              "bundled": true,
              "requires": {
                "debuglog": "^1.0.1",
                "dezalgo": "^1.0.0",
                "graceful-fs": "^4.1.2",
                "once": "^1.3.0"
              }
            },
            "util-extend": {
              "version": "1.0.1",
              "bundled": true
            }
          }
        },
        "read-package-json": {
          "version": "2.0.4",
          "bundled": true,
          "requires": {
            "glob": "^6.0.0",
            "graceful-fs": "^4.1.2",
            "json-parse-helpfulerror": "^1.0.2",
            "normalize-package-data": "^2.0.0"
          },
          "dependencies": {
            "glob": {
              "version": "6.0.4",
              "bundled": true,
              "requires": {
                "inflight": "^1.0.4",
                "inherits": "2",
                "minimatch": "2 || 3",
                "once": "^1.3.0",
                "path-is-absolute": "^1.0.0"
              },
              "dependencies": {
                "path-is-absolute": {
                  "version": "1.0.0",
                  "bundled": true
                }
              }
            },
            "json-parse-helpfulerror": {
              "version": "1.0.3",
              "bundled": true,
              "requires": {
                "jju": "^1.1.0"
              },
              "dependencies": {
                "jju": {
                  "version": "1.3.0",
                  "bundled": true
                }
              }
            }
          }
        },
        "readable-stream": {
          "version": "2.1.5",
          "bundled": true,
          "requires": {
            "buffer-shims": "^1.0.0",
            "core-util-is": "~1.0.0",
            "inherits": "~2.0.1",
            "isarray": "~1.0.0",
            "process-nextick-args": "~1.0.6",
            "string_decoder": "~0.10.x",
            "util-deprecate": "~1.0.1"
          },
          "dependencies": {
            "buffer-shims": {
              "version": "1.0.0",
              "bundled": true
            },
            "core-util-is": {
              "version": "1.0.2",
              "bundled": true
            },
            "isarray": {
              "version": "1.0.0",
              "bundled": true
            },
            "process-nextick-args": {
              "version": "1.0.7",
              "bundled": true
            },
            "string_decoder": {
              "version": "0.10.31",
              "bundled": true
            },
            "util-deprecate": {
              "version": "1.0.2",
              "bundled": true
            }
          }
        },
        "realize-package-specifier": {
          "version": "3.0.1",
          "bundled": true,
          "requires": {
            "dezalgo": "^1.0.1",
            "npm-package-arg": "^4.0.0"
          }
        },
        "request": {
          "version": "2.74.0",
          "bundled": true,
          "requires": {
            "aws-sign2": "~0.6.0",
            "aws4": "^1.2.1",
            "bl": "~1.1.2",
            "caseless": "~0.11.0",
            "combined-stream": "~1.0.5",
            "extend": "~3.0.0",
            "forever-agent": "~0.6.1",
            "form-data": "~1.0.0-rc4",
            "har-validator": "~2.0.6",
            "hawk": "~3.1.3",
            "http-signature": "~1.1.0",
            "is-typedarray": "~1.0.0",
            "isstream": "~0.1.2",
            "json-stringify-safe": "~5.0.1",
            "mime-types": "~2.1.7",
            "node-uuid": "~1.4.7",
            "oauth-sign": "~0.8.1",
            "qs": "~6.2.0",
            "stringstream": "~0.0.4",
            "tough-cookie": "~2.3.0",
            "tunnel-agent": "~0.4.1"
          },
          "dependencies": {
            "aws-sign2": {
              "version": "0.6.0",
              "bundled": true
            },
            "aws4": {
              "version": "1.4.1",
              "bundled": true
            },
            "bl": {
              "version": "1.1.2",
              "bundled": true,
              "requires": {
                "readable-stream": "~2.0.5"
              },
              "dependencies": {
                "readable-stream": {
                  "version": "2.0.6",
                  "bundled": true,
                  "requires": {
                    "core-util-is": "~1.0.0",
                    "inherits": "~2.0.1",
                    "isarray": "~1.0.0",
                    "process-nextick-args": "~1.0.6",
                    "string_decoder": "~0.10.x",
                    "util-deprecate": "~1.0.1"
                  },
                  "dependencies": {
                    "core-util-is": {
                      "version": "1.0.2",
                      "bundled": true
                    },
                    "isarray": {
                      "version": "1.0.0",
                      "bundled": true
                    },
                    "process-nextick-args": {
                      "version": "1.0.7",
                      "bundled": true
                    },
                    "string_decoder": {
                      "version": "0.10.31",
                      "bundled": true
                    },
                    "util-deprecate": {
                      "version": "1.0.2",
                      "bundled": true
                    }
                  }
                }
              }
            },
            "caseless": {
              "version": "0.11.0",
              "bundled": true
            },
            "combined-stream": {
              "version": "1.0.5",
              "bundled": true,
              "requires": {
                "delayed-stream": "~1.0.0"
              },
              "dependencies": {
                "delayed-stream": {
                  "version": "1.0.0",
                  "bundled": true
                }
              }
            },
            "extend": {
              "version": "3.0.0",
              "bundled": true
            },
            "forever-agent": {
              "version": "0.6.1",
              "bundled": true
            },
            "form-data": {
              "version": "1.0.0-rc4",
              "bundled": true,
              "requires": {
                "async": "^1.5.2",
                "combined-stream": "^1.0.5",
                "mime-types": "^2.1.10"
              },
              "dependencies": {
                "async": {
                  "version": "1.5.2",
                  "bundled": true
                }
              }
            },
            "har-validator": {
              "version": "2.0.6",
              "bundled": true,
              "requires": {
                "chalk": "^1.1.1",
                "commander": "^2.9.0",
                "is-my-json-valid": "^2.12.4",
                "pinkie-promise": "^2.0.0"
              },
              "dependencies": {
                "chalk": {
                  "version": "1.1.3",
                  "bundled": true,
                  "requires": {
                    "ansi-styles": "^2.2.1",
                    "escape-string-regexp": "^1.0.2",
                    "has-ansi": "^2.0.0",
                    "strip-ansi": "^3.0.0",
                    "supports-color": "^2.0.0"
                  },
                  "dependencies": {
                    "ansi-styles": {
                      "version": "2.2.1",
                      "bundled": true
                    },
                    "escape-string-regexp": {
                      "version": "1.0.5",
                      "bundled": true
                    },
                    "has-ansi": {
                      "version": "2.0.0",
                      "bundled": true,
                      "requires": {
                        "ansi-regex": "^2.0.0"
                      }
                    },
                    "supports-color": {
                      "version": "2.0.0",
                      "bundled": true
                    }
                  }
                },
                "commander": {
                  "version": "2.9.0",
                  "bundled": true,
                  "requires": {
                    "graceful-readlink": ">= 1.0.0"
                  },
                  "dependencies": {
                    "graceful-readlink": {
                      "version": "1.0.1",
                      "bundled": true
                    }
                  }
                },
                "is-my-json-valid": {
                  "version": "2.13.1",
                  "bundled": true,
                  "requires": {
                    "generate-function": "^2.0.0",
                    "generate-object-property": "^1.1.0",
                    "jsonpointer": "2.0.0",
                    "xtend": "^4.0.0"
                  },
                  "dependencies": {
                    "generate-function": {
                      "version": "2.0.0",
                      "bundled": true
                    },
                    "generate-object-property": {
                      "version": "1.2.0",
                      "bundled": true,
                      "requires": {
                        "is-property": "^1.0.0"
                      },
                      "dependencies": {
                        "is-property": {
                          "version": "1.0.2",
                          "bundled": true
                        }
                      }
                    },
                    "jsonpointer": {
                      "version": "2.0.0",
                      "bundled": true
                    },
                    "xtend": {
                      "version": "4.0.1",
                      "bundled": true
                    }
                  }
                },
                "pinkie-promise": {
                  "version": "2.0.1",
                  "bundled": true,
                  "requires": {
                    "pinkie": "^2.0.0"
                  },
                  "dependencies": {
                    "pinkie": {
                      "version": "2.0.4",
                      "bundled": true
                    }
                  }
                }
              }
            },
            "hawk": {
              "version": "3.1.3",
              "bundled": true,
              "requires": {
                "boom": "2.x.x",
                "cryptiles": "2.x.x",
                "hoek": "2.x.x",
                "sntp": "1.x.x"
              },
              "dependencies": {
                "boom": {
                  "version": "2.10.1",
                  "bundled": true,
                  "requires": {
                    "hoek": "2.x.x"
                  }
                },
                "cryptiles": {
                  "version": "2.0.5",
                  "bundled": true,
                  "requires": {
                    "boom": "2.x.x"
                  }
                },
                "hoek": {
                  "version": "2.16.3",
                  "bundled": true
                },
                "sntp": {
                  "version": "1.0.9",
                  "bundled": true,
                  "requires": {
                    "hoek": "2.x.x"
                  }
                }
              }
            },
            "http-signature": {
              "version": "1.1.1",
              "bundled": true,
              "requires": {
                "assert-plus": "^0.2.0",
                "jsprim": "^1.2.2",
                "sshpk": "^1.7.0"
              },
              "dependencies": {
                "assert-plus": {
                  "version": "0.2.0",
                  "bundled": true
                },
                "jsprim": {
                  "version": "1.3.0",
                  "bundled": true,
                  "requires": {
                    "extsprintf": "1.0.2",
                    "json-schema": "0.2.2",
                    "verror": "1.3.6"
                  },
                  "dependencies": {
                    "extsprintf": {
                      "version": "1.0.2",
                      "bundled": true
                    },
                    "json-schema": {
                      "version": "0.2.2",
                      "bundled": true
                    },
                    "verror": {
                      "version": "1.3.6",
                      "bundled": true,
                      "requires": {
                        "extsprintf": "1.0.2"
                      }
                    }
                  }
                },
                "sshpk": {
                  "version": "1.9.2",
                  "bundled": true,
                  "requires": {
                    "asn1": "~0.2.3",
                    "assert-plus": "^1.0.0",
                    "dashdash": "^1.12.0",
                    "ecc-jsbn": "~0.1.1",
                    "getpass": "^0.1.1",
                    "jodid25519": "^1.0.0",
                    "jsbn": "~0.1.0",
                    "tweetnacl": "~0.13.0"
                  },
                  "dependencies": {
                    "asn1": {
                      "version": "0.2.3",
                      "bundled": true
                    },
                    "assert-plus": {
                      "version": "1.0.0",
                      "bundled": true
                    },
                    "dashdash": {
                      "version": "1.14.0",
                      "bundled": true,
                      "requires": {
                        "assert-plus": "^1.0.0"
                      }
                    },
                    "ecc-jsbn": {
                      "version": "0.1.1",
                      "bundled": true,
                      "optional": true,
                      "requires": {
                        "jsbn": "~0.1.0"
                      }
                    },
                    "getpass": {
                      "version": "0.1.6",
                      "bundled": true,
                      "requires": {
                        "assert-plus": "^1.0.0"
                      }
                    },
                    "jodid25519": {
                      "version": "1.0.2",
                      "bundled": true,
                      "optional": true,
                      "requires": {
                        "jsbn": "~0.1.0"
                      }
                    },
                    "jsbn": {
                      "version": "0.1.0",
                      "bundled": true,
                      "optional": true
                    },
                    "tweetnacl": {
                      "version": "0.13.3",
                      "bundled": true,
                      "optional": true
                    }
                  }
                }
              }
            },
            "is-typedarray": {
              "version": "1.0.0",
              "bundled": true
            },
            "isstream": {
              "version": "0.1.2",
              "bundled": true
            },
            "json-stringify-safe": {
              "version": "5.0.1",
              "bundled": true
            },
            "mime-types": {
              "version": "2.1.11",
              "bundled": true,
              "requires": {
                "mime-db": "~1.23.0"
              },
              "dependencies": {
                "mime-db": {
                  "version": "1.23.0",
                  "bundled": true
                }
              }
            },
            "node-uuid": {
              "version": "1.4.7",
              "bundled": true
            },
            "oauth-sign": {
              "version": "0.8.2",
              "bundled": true
            },
            "qs": {
              "version": "6.2.1",
              "bundled": true
            },
            "stringstream": {
              "version": "0.0.5",
              "bundled": true
            },
            "tough-cookie": {
              "version": "2.3.1",
              "bundled": true
            },
            "tunnel-agent": {
              "version": "0.4.3",
              "bundled": true
            }
          }
        },
        "retry": {
          "version": "0.10.0",
          "bundled": true
        },
        "rimraf": {
          "version": "2.5.4",
          "bundled": true,
          "requires": {
            "glob": "^7.0.5"
          }
        },
        "semver": {
          "version": "5.1.0",
          "bundled": true
        },
        "sha": {
          "version": "2.0.1",
          "bundled": true,
          "requires": {
            "graceful-fs": "^4.1.2",
            "readable-stream": "^2.0.2"
          },
          "dependencies": {
            "readable-stream": {
              "version": "2.0.2",
              "bundled": true,
              "requires": {
                "core-util-is": "~1.0.0",
                "inherits": "~2.0.1",
                "isarray": "0.0.1",
                "process-nextick-args": "~1.0.0",
                "string_decoder": "~0.10.x",
                "util-deprecate": "~1.0.1"
              },
              "dependencies": {
                "core-util-is": {
                  "version": "1.0.1",
                  "bundled": true
                },
                "isarray": {
                  "version": "0.0.1",
                  "bundled": true
                },
                "process-nextick-args": {
                  "version": "1.0.3",
                  "bundled": true
                },
                "string_decoder": {
                  "version": "0.10.31",
                  "bundled": true
                },
                "util-deprecate": {
                  "version": "1.0.1",
                  "bundled": true
                }
              }
            }
          }
        },
        "slide": {
          "version": "1.1.6",
          "bundled": true
        },
        "sorted-object": {
          "version": "2.0.0",
          "bundled": true
        },
        "spdx-license-ids": {
          "version": "1.2.2",
          "bundled": true
        },
        "strip-ansi": {
          "version": "3.0.1",
          "bundled": true,
          "requires": {
            "ansi-regex": "^2.0.0"
          }
        },
        "tar": {
          "version": "2.2.1",
          "bundled": true,
          "requires": {
            "block-stream": "*",
            "fstream": "^1.0.2",
            "inherits": "2"
          }
        },
        "text-table": {
          "version": "0.2.0",
          "bundled": true
        },
        "uid-number": {
          "version": "0.0.6",
          "bundled": true
        },
        "umask": {
          "version": "1.1.0",
          "bundled": true
        },
        "validate-npm-package-license": {
          "version": "3.0.1",
          "bundled": true,
          "requires": {
            "spdx-correct": "~1.0.0",
            "spdx-expression-parse": "~1.0.0"
          },
          "dependencies": {
            "spdx-correct": {
              "version": "1.0.2",
              "bundled": true,
              "requires": {
                "spdx-license-ids": "^1.0.2"
              }
            },
            "spdx-expression-parse": {
              "version": "1.0.2",
              "bundled": true,
              "requires": {
                "spdx-exceptions": "^1.0.4",
                "spdx-license-ids": "^1.0.0"
              },
              "dependencies": {
                "spdx-exceptions": {
                  "version": "1.0.4",
                  "bundled": true
                }
              }
            }
          }
        },
        "validate-npm-package-name": {
          "version": "2.2.2",
          "bundled": true,
          "requires": {
            "builtins": "0.0.7"
          },
          "dependencies": {
            "builtins": {
              "version": "0.0.7",
              "bundled": true
            }
          }
        },
        "which": {
          "version": "1.2.11",
          "bundled": true,
          "requires": {
            "isexe": "^1.1.1"
          },
          "dependencies": {
            "isexe": {
              "version": "1.1.2",
              "bundled": true
            }
          }
        },
        "wrappy": {
          "version": "1.0.2",
          "bundled": true
        },
        "write-file-atomic": {
          "version": "1.1.4",
          "bundled": true,
          "requires": {
            "graceful-fs": "^4.1.2",
            "imurmurhash": "^0.1.4",
            "slide": "^1.1.5"
          }
        }
      }
    },
    "semver": {
      "version": "5.6.0",
      "resolved": "https://registry.npmjs.org/semver/-/semver-5.6.0.tgz",
      "integrity": "sha512-RS9R6R35NYgQn++fkDWaOmqGoj4Ek9gGs+DPxNUZKuwE183xjJroKvyo1IzVFeXvUrvmALy6FWD5xrdJT25gMg=="
    }
  }
}
